
Microsoft Visual Studio Solution File, Format Version 12.00
Project("{FAE04EC0-301F-11D3-BF4B-00C04F79EFBC}") = "Conduit.Domain", "Conduit.Domain\Conduit.Domain.csproj", "{93CBD5FD-A365-4A49-80A3-A83F063E4F7D}"
EndProject
Project("{FAE04EC0-301F-11D3-BF4B-00C04F79EFBC}") = "Conduit.Data", "Conduit.Data\Conduit.Data.csproj", "{34C3AECE-6C3F-4BB4-8C7E-B42B430CB349}"
EndProject
Project("{FAE04EC0-301F-11D3-BF4B-00C04F79EFBC}") = "Tests", "Tests\Tests.csproj", "{B8B30799-3F7D-4ABF-89EE-0BDBE92C7C8F}"
EndProject
Global
	GlobalSection(SolutionConfigurationPlatforms) = preSolution
		Debug|Any CPU = Debug|Any CPU
		Release|Any CPU = Release|Any CPU
	EndGlobalSection
	GlobalSection(ProjectConfigurationPlatforms) = postSolution
		{93CBD5FD-A365-4A49-80A3-A83F063E4F7D}.Debug|Any CPU.ActiveCfg = Debug|Any CPU
		{93CBD5FD-A365-4A49-80A3-A83F063E4F7D}.Debug|Any CPU.Build.0 = Debug|Any CPU
		{93CBD5FD-A365-4A49-80A3-A83F063E4F7D}.Release|Any CPU.ActiveCfg = Release|Any CPU
		{93CBD5FD-A365-4A49-80A3-A83F063E4F7D}.Release|Any CPU.Build.0 = Release|Any CPU
		{34C3AECE-6C3F-4BB4-8C7E-B42B430CB349}.Debug|Any CPU.ActiveCfg = Debug|Any CPU
		{34C3AECE-6C3F-4BB4-8C7E-B42B430CB349}.Debug|Any CPU.Build.0 = Debug|Any CPU
		{34C3AECE-6C3F-4BB4-8C7E-B42B430CB349}.Release|Any CPU.ActiveCfg = Release|Any CPU
		{34C3AECE-6C3F-4BB4-8C7E-B42B430CB349}.Release|Any CPU.Build.0 = Release|Any CPU
		{B8B30799-3F7D-4ABF-89EE-0BDBE92C7C8F}.Debug|Any CPU.ActiveCfg = Debug|Any CPU
		{B8B30799-3F7D-4ABF-89EE-0BDBE92C7C8F}.Debug|Any CPU.Build.0 = Debug|Any CPU
		{B8B30799-3F7D-4ABF-89EE-0BDBE92C7C8F}.Release|Any CPU.ActiveCfg = Release|Any CPU
		{B8B30799-3F7D-4ABF-89EE-0BDBE92C7C8F}.Release|Any CPU.Build.0 = Release|Any CPU
	EndGlobalSection
EndGlobal
